
Microsoft Visual Studio Solution File, Format Version 12.00
# Visual Studio Version 17
VisualStudioVersion = 17.12.35527.113 d17.12
MinimumVisualStudioVersion = 10.0.40219.1
Project("{FAE04EC0-301F-11D3-BF4B-00C04F79EFBC}") = "Tyuiu.RotachAO.Sprint7.Project", "Tyuiu.RotachAO.Sprint7.Project\Tyuiu.RotachAO.Sprint7.Project.csproj", "{3921B491-0B9A-4E0E-8A5C-2E91C5A6E1E4}"
EndProject
Project("{FAE04EC0-301F-11D3-BF4B-00C04F79EFBC}") = "Tyuiu.RotachAO.Sprint7.Project.Lib", "Tyuiu.RotachAO.Sprint7.Project.Lib\Tyuiu.RotachAO.Sprint7.Project.Lib.csproj", "{D6CB45F7-8EF5-4C54-9A6A-302012D02ECB}"
EndProject
Project("{FAE04EC0-301F-11D3-BF4B-00C04F79EFBC}") = "Tyuiu.RotachAO.Sprint7.Project.Test", "Tyuiu.RotachAO.Sprint7.Project.Test\Tyuiu.RotachAO.Sprint7.Project.Test.csproj", "{5B0C4D09-7FF9-4941-9FDA-7FE8CB9EBEFC}"
EndProject
Global
	GlobalSection(SolutionConfigurationPlatforms) = preSolution
		Debug|Any CPU = Debug|Any CPU
		Release|Any CPU = Release|Any CPU
	EndGlobalSection
	GlobalSection(ProjectConfigurationPlatforms) = postSolution
		{3921B491-0B9A-4E0E-8A5C-2E91C5A6E1E4}.Debug|Any CPU.ActiveCfg = Debug|Any CPU
		{3921B491-0B9A-4E0E-8A5C-2E91C5A6E1E4}.Debug|Any CPU.Build.0 = Debug|Any CPU
		{3921B491-0B9A-4E0E-8A5C-2E91C5A6E1E4}.Release|Any CPU.ActiveCfg = Release|Any CPU
		{3921B491-0B9A-4E0E-8A5C-2E91C5A6E1E4}.Release|Any CPU.Build.0 = Release|Any CPU
		{D6CB45F7-8EF5-4C54-9A6A-302012D02ECB}.Debug|Any CPU.ActiveCfg = Debug|Any CPU
		{D6CB45F7-8EF5-4C54-9A6A-302012D02ECB}.Debug|Any CPU.Build.0 = Debug|Any CPU
		{D6CB45F7-8EF5-4C54-9A6A-302012D02ECB}.Release|Any CPU.ActiveCfg = Release|Any CPU
		{D6CB45F7-8EF5-4C54-9A6A-302012D02ECB}.Release|Any CPU.Build.0 = Release|Any CPU
		{5B0C4D09-7FF9-4941-9FDA-7FE8CB9EBEFC}.Debug|Any CPU.ActiveCfg = Debug|Any CPU
		{5B0C4D09-7FF9-4941-9FDA-7FE8CB9EBEFC}.Debug|Any CPU.Build.0 = Debug|Any CPU
		{5B0C4D09-7FF9-4941-9FDA-7FE8CB9EBEFC}.Release|Any CPU.ActiveCfg = Release|Any CPU
		{5B0C4D09-7FF9-4941-9FDA-7FE8CB9EBEFC}.Release|Any CPU.Build.0 = Release|Any CPU
	EndGlobalSection
	GlobalSection(SolutionProperties) = preSolution
		HideSolutionNode = FALSE
	EndGlobalSection
EndGlobal
